
Microsoft Visual Studio Solution File, Format Version 12.00
# Visual Studio Version 16
VisualStudioVersion = 16.0.31702.278
MinimumVisualStudioVersion = 10.0.40219.1
Project("{9A19103F-16F7-4668-BE54-9A1E7A4F7556}") = "EmployeeContacts.Data", "EmployeeContacts.Data\EmployeeContacts.Data.csproj", "{86046F28-4B26-4D51-BAFE-3E6411EB0BC1}"
EndProject
Project("{9A19103F-16F7-4668-BE54-9A1E7A4F7556}") = "EmployeeContacts.Services", "EmployeeContacts.Services\EmployeeContacts.Services.csproj", "{CCBC1397-49B5-4D62-AF64-378E002D106F}"
EndProject
Project("{9A19103F-16F7-4668-BE54-9A1E7A4F7556}") = "EmployeeContacts.WinFormsApp", "EmployeeContacts.WinFormsApp\EmployeeContacts.WinFormsApp.csproj", "{FA9D3A2B-253B-4D55-B283-32EB3E7C69D0}"
EndProject
Project("{FAE04EC0-301F-11D3-BF4B-00C04F79EFBC}") = "EmployeeContacts.Test", "EmployeeContacts.Test\EmployeeContacts.Test.csproj", "{48E8C768-2AE4-417E-BC03-B1CA629565AE}"
EndProject
Global
	GlobalSection(SolutionConfigurationPlatforms) = preSolution
		Debug|Any CPU = Debug|Any CPU
		Release|Any CPU = Release|Any CPU
	EndGlobalSection
	GlobalSection(ProjectConfigurationPlatforms) = postSolution
		{86046F28-4B26-4D51-BAFE-3E6411EB0BC1}.Debug|Any CPU.ActiveCfg = Debug|Any CPU
		{86046F28-4B26-4D51-BAFE-3E6411EB0BC1}.Debug|Any CPU.Build.0 = Debug|Any CPU
		{86046F28-4B26-4D51-BAFE-3E6411EB0BC1}.Release|Any CPU.ActiveCfg = Release|Any CPU
		{86046F28-4B26-4D51-BAFE-3E6411EB0BC1}.Release|Any CPU.Build.0 = Release|Any CPU
		{CCBC1397-49B5-4D62-AF64-378E002D106F}.Debug|Any CPU.ActiveCfg = Debug|Any CPU
		{CCBC1397-49B5-4D62-AF64-378E002D106F}.Debug|Any CPU.Build.0 = Debug|Any CPU
		{CCBC1397-49B5-4D62-AF64-378E002D106F}.Release|Any CPU.ActiveCfg = Release|Any CPU
		{CCBC1397-49B5-4D62-AF64-378E002D106F}.Release|Any CPU.Build.0 = Release|Any CPU
		{FA9D3A2B-253B-4D55-B283-32EB3E7C69D0}.Debug|Any CPU.ActiveCfg = Debug|Any CPU
		{FA9D3A2B-253B-4D55-B283-32EB3E7C69D0}.Debug|Any CPU.Build.0 = Debug|Any CPU
		{FA9D3A2B-253B-4D55-B283-32EB3E7C69D0}.Release|Any CPU.ActiveCfg = Release|Any CPU
		{FA9D3A2B-253B-4D55-B283-32EB3E7C69D0}.Release|Any CPU.Build.0 = Release|Any CPU
		{48E8C768-2AE4-417E-BC03-B1CA629565AE}.Debug|Any CPU.ActiveCfg = Debug|Any CPU
		{48E8C768-2AE4-417E-BC03-B1CA629565AE}.Debug|Any CPU.Build.0 = Debug|Any CPU
		{48E8C768-2AE4-417E-BC03-B1CA629565AE}.Release|Any CPU.ActiveCfg = Release|Any CPU
		{48E8C768-2AE4-417E-BC03-B1CA629565AE}.Release|Any CPU.Build.0 = Release|Any CPU
	EndGlobalSection
	GlobalSection(SolutionProperties) = preSolution
		HideSolutionNode = FALSE
	EndGlobalSection
	GlobalSection(ExtensibilityGlobals) = postSolution
		SolutionGuid = {B249E32D-ECCE-4C38-83E5-D2E3CF717517}
	EndGlobalSection
EndGlobal
